
Microsoft Visual Studio Solution File, Format Version 12.00
# Visual Studio Version 17
VisualStudioVersion = 17.0.31903.59
MinimumVisualStudioVersion = 10.0.40219.1
Project("{2150E333-8FDC-42A3-9474-1A3956D46DE8}") = "services", "services", "{5854FF58-B8C5-05C6-5BF2-ACE42193F22B}"
EndProject
Project("{FAE04EC0-301F-11D3-BF4B-00C04F79EFBC}") = "CatalogAPI", "services\CatalogAPI\CatalogAPI.csproj", "{E50C8AD4-2494-4F2F-AE7F-F7D6E5F11443}"
EndProject
Project("{2150E333-8FDC-42A3-9474-1A3956D46DE8}") = "contracts", "contracts", "{A73F2606-6D4C-3EEE-1759-0E59DCFEF523}"
EndProject
Project("{FAE04EC0-301F-11D3-BF4B-00C04F79EFBC}") = "FCG.Contracts", "contracts\FCG.Contracts\FCG.Contracts.csproj", "{AEF2CEDF-7FA3-48A2-AC5D-9278B233BA38}"
EndProject
Project("{2150E333-8FDC-42A3-9474-1A3956D46DE8}") = "tests", "tests", "{0AB3BF05-4346-4AA6-1389-037BE0695223}"
EndProject
Project("{FAE04EC0-301F-11D3-BF4B-00C04F79EFBC}") = "CatalogAPI.UnitTests", "tests\CatalogAPI.UnitTests\CatalogAPI.UnitTests.csproj", "{D4C0AA82-275E-48A9-85A3-8E1137783712}"
EndProject
Global
	GlobalSection(SolutionConfigurationPlatforms) = preSolution
		Debug|Any CPU = Debug|Any CPU
		Debug|x64 = Debug|x64
		Debug|x86 = Debug|x86
		Release|Any CPU = Release|Any CPU
		Release|x64 = Release|x64
		Release|x86 = Release|x86
	EndGlobalSection
	GlobalSection(ProjectConfigurationPlatforms) = postSolution
		{E50C8AD4-2494-4F2F-AE7F-F7D6E5F11443}.Debug|Any CPU.ActiveCfg = Debug|Any CPU
		{E50C8AD4-2494-4F2F-AE7F-F7D6E5F11443}.Debug|Any CPU.Build.0 = Debug|Any CPU
		{E50C8AD4-2494-4F2F-AE7F-F7D6E5F11443}.Debug|x64.ActiveCfg = Debug|Any CPU
		{E50C8AD4-2494-4F2F-AE7F-F7D6E5F11443}.Debug|x64.Build.0 = Debug|Any CPU
		{E50C8AD4-2494-4F2F-AE7F-F7D6E5F11443}.Debug|x86.ActiveCfg = Debug|Any CPU
		{E50C8AD4-2494-4F2F-AE7F-F7D6E5F11443}.Debug|x86.Build.0 = Debug|Any CPU
		{E50C8AD4-2494-4F2F-AE7F-F7D6E5F11443}.Release|Any CPU.ActiveCfg = Release|Any CPU
		{E50C8AD4-2494-4F2F-AE7F-F7D6E5F11443}.Release|Any CPU.Build.0 = Release|Any CPU
		{E50C8AD4-2494-4F2F-AE7F-F7D6E5F11443}.Release|x64.ActiveCfg = Release|Any CPU
		{E50C8AD4-2494-4F2F-AE7F-F7D6E5F11443}.Release|x64.Build.0 = Release|Any CPU
		{E50C8AD4-2494-4F2F-AE7F-F7D6E5F11443}.Release|x86.ActiveCfg = Release|Any CPU
		{E50C8AD4-2494-4F2F-AE7F-F7D6E5F11443}.Release|x86.Build.0 = Release|Any CPU
		{AEF2CEDF-7FA3-48A2-AC5D-9278B233BA38}.Debug|Any CPU.ActiveCfg = Debug|Any CPU
		{AEF2CEDF-7FA3-48A2-AC5D-9278B233BA38}.Debug|Any CPU.Build.0 = Debug|Any CPU
		{AEF2CEDF-7FA3-48A2-AC5D-9278B233BA38}.Debug|x64.ActiveCfg = Debug|Any CPU
		{AEF2CEDF-7FA3-48A2-AC5D-9278B233BA38}.Debug|x64.Build.0 = Debug|Any CPU
		{AEF2CEDF-7FA3-48A2-AC5D-9278B233BA38}.Debug|x86.ActiveCfg = Debug|Any CPU
		{AEF2CEDF-7FA3-48A2-AC5D-9278B233BA38}.Debug|x86.Build.0 = Debug|Any CPU
		{AEF2CEDF-7FA3-48A2-AC5D-9278B233BA38}.Release|Any CPU.ActiveCfg = Release|Any CPU
		{AEF2CEDF-7FA3-48A2-AC5D-9278B233BA38}.Release|Any CPU.Build.0 = Release|Any CPU
		{AEF2CEDF-7FA3-48A2-AC5D-9278B233BA38}.Release|x64.ActiveCfg = Release|Any CPU
		{AEF2CEDF-7FA3-48A2-AC5D-9278B233BA38}.Release|x64.Build.0 = Release|Any CPU
		{AEF2CEDF-7FA3-48A2-AC5D-9278B233BA38}.Release|x86.ActiveCfg = Release|Any CPU
		{AEF2CEDF-7FA3-48A2-AC5D-9278B233BA38}.Release|x86.Build.0 = Release|Any CPU
		{D4C0AA82-275E-48A9-85A3-8E1137783712}.Debug|Any CPU.ActiveCfg = Debug|Any CPU
		{D4C0AA82-275E-48A9-85A3-8E1137783712}.Debug|Any CPU.Build.0 = Debug|Any CPU
		{D4C0AA82-275E-48A9-85A3-8E1137783712}.Debug|x64.ActiveCfg = Debug|Any CPU
		{D4C0AA82-275E-48A9-85A3-8E1137783712}.Debug|x64.Build.0 = Debug|Any CPU
		{D4C0AA82-275E-48A9-85A3-8E1137783712}.Debug|x86.ActiveCfg = Debug|Any CPU
		{D4C0AA82-275E-48A9-85A3-8E1137783712}.Debug|x86.Build.0 = Debug|Any CPU
		{D4C0AA82-275E-48A9-85A3-8E1137783712}.Release|Any CPU.ActiveCfg = Release|Any CPU
		{D4C0AA82-275E-48A9-85A3-8E1137783712}.Release|Any CPU.Build.0 = Release|Any CPU
		{D4C0AA82-275E-48A9-85A3-8E1137783712}.Release|x64.ActiveCfg = Release|Any CPU
		{D4C0AA82-275E-48A9-85A3-8E1137783712}.Release|x64.Build.0 = Release|Any CPU
		{D4C0AA82-275E-48A9-85A3-8E1137783712}.Release|x86.ActiveCfg = Release|Any CPU
		{D4C0AA82-275E-48A9-85A3-8E1137783712}.Release|x86.Build.0 = Release|Any CPU
	EndGlobalSection
	GlobalSection(SolutionProperties) = preSolution
		HideSolutionNode = FALSE
	EndGlobalSection
	GlobalSection(NestedProjects) = preSolution
		{E50C8AD4-2494-4F2F-AE7F-F7D6E5F11443} = {5854FF58-B8C5-05C6-5BF2-ACE42193F22B}
		{AEF2CEDF-7FA3-48A2-AC5D-9278B233BA38} = {A73F2606-6D4C-3EEE-1759-0E59DCFEF523}
		{D4C0AA82-275E-48A9-85A3-8E1137783712} = {0AB3BF05-4346-4AA6-1389-037BE0695223}
	EndGlobalSection
EndGlobal
